{
  "version": 4,
  "terraform_version": "1.5.2",
  "serial": 2,
  "lineage": "f7246e98-ca1a-525d-dafe-627b87698385",
  "outputs": {
    "bucket_id": {
      "value": "remote-state-terraform-equipe-2",
      "type": "string"
    }
  },
  "resources": [
    {
      "mode": "managed",
      "type": "aws_s3_bucket",
      "name": "bucket",
      "provider": "provider[\"registry.terraform.io/hashicorp/aws\"]",
      "instances": [
        {
          "schema_version": 0,
          "attributes": {
            "acceleration_status": "",
            "acl": "private",
            "arn": "arn:aws:s3:::remote-state-terraform-equipe-2",
            "bucket": "remote-state-terraform-equipe-2",
            "bucket_domain_name": "remote-state-terraform-equipe-2.s3.amazonaws.com",
            "bucket_prefix": null,
            "bucket_regional_domain_name": "remote-state-terraform-equipe-2.s3.amazonaws.com",
            "cors_rule": [],
            "force_destroy": false,
            "grant": [],
            "hosted_zone_id": "Z3AQBSTGFYJSTF",
            "id": "remote-state-terraform-equipe-2",
            "lifecycle_rule": [],
            "logging": [],
            "object_lock_configuration": [],
            "policy": null,
            "region": "us-east-1",
            "replication_configuration": [],
            "request_payer": "BucketOwner",
            "server_side_encryption_configuration": [
              {
                "rule": [
                  {
                    "apply_server_side_encryption_by_default": [
                      {
                        "kms_master_key_id": "",
                        "sse_algorithm": "AES256"
                      }
                    ],
                    "bucket_key_enabled": false
                  }
                ]
              }
            ],
            "tags": {
              "Name": "remote-state-terraform-equipe-2"
            },
            "tags_all": {
              "Name": "remote-state-terraform-equipe-2",
              "managed-by": "terraform",
              "owner": "equipe-2"
            },
            "versioning": [
              {
                "enabled": false,
                "mfa_delete": false
              }
            ],
            "website": [],
            "website_domain": null,
            "website_endpoint": null
          },
          "sensitive_attributes": [],
          "private": "bnVsbA=="
        }
      ]
    }
  ],
  "check_results": null
}
